
Microsoft Visual Studio Solution File, Format Version 12.00
# Visual Studio Version 17
VisualStudioVersion = 17.5.002.0
MinimumVisualStudioVersion = 10.0.40219.1
Project("{9A19103F-16F7-4668-BE54-9A1E7A4F7556}") = "Tests", "Tests\Tests.csproj", "{0F33450B-B7F3-4AE5-9F1C-5B9C7B6E27A2}"
EndProject
Project("{9A19103F-16F7-4668-BE54-9A1E7A4F7556}") = "EcommerceVibbra", "src\EcommerceVibbra.csproj", "{EC269BAE-E387-4AF9-A2AE-19491EE6F78A}"
EndProject
Global
	GlobalSection(SolutionConfigurationPlatforms) = preSolution
		Debug|Any CPU = Debug|Any CPU
		Release|Any CPU = Release|Any CPU
	EndGlobalSection
	GlobalSection(ProjectConfigurationPlatforms) = postSolution
		{0F33450B-B7F3-4AE5-9F1C-5B9C7B6E27A2}.Debug|Any CPU.ActiveCfg = Debug|Any CPU
		{0F33450B-B7F3-4AE5-9F1C-5B9C7B6E27A2}.Debug|Any CPU.Build.0 = Debug|Any CPU
		{0F33450B-B7F3-4AE5-9F1C-5B9C7B6E27A2}.Release|Any CPU.ActiveCfg = Release|Any CPU
		{0F33450B-B7F3-4AE5-9F1C-5B9C7B6E27A2}.Release|Any CPU.Build.0 = Release|Any CPU
		{EC269BAE-E387-4AF9-A2AE-19491EE6F78A}.Debug|Any CPU.ActiveCfg = Debug|Any CPU
		{EC269BAE-E387-4AF9-A2AE-19491EE6F78A}.Debug|Any CPU.Build.0 = Debug|Any CPU
		{EC269BAE-E387-4AF9-A2AE-19491EE6F78A}.Release|Any CPU.ActiveCfg = Release|Any CPU
		{EC269BAE-E387-4AF9-A2AE-19491EE6F78A}.Release|Any CPU.Build.0 = Release|Any CPU
	EndGlobalSection
	GlobalSection(SolutionProperties) = preSolution
		HideSolutionNode = FALSE
	EndGlobalSection
	GlobalSection(ExtensibilityGlobals) = postSolution
		SolutionGuid = {8BB81348-BFBB-4730-8BFD-253993FAEC7E}
	EndGlobalSection
EndGlobal
